
Microsoft Visual Studio Solution File, Format Version 12.00
# Visual Studio Version 16
VisualStudioVersion = 16.0.31129.286
MinimumVisualStudioVersion = 10.0.40219.1
Project("{9A19103F-16F7-4668-BE54-9A1E7A4F7556}") = "Ejercicio_Wirsolut", "Ejercicio Wirsolut\Ejercicio_Wirsolut.csproj", "{AC66E711-1F8B-4817-A14B-6724AC853825}"
EndProject
Global
	GlobalSection(SolutionConfigurationPlatforms) = preSolution
		Debug|Any CPU = Debug|Any CPU
		Release|Any CPU = Release|Any CPU
	EndGlobalSection
	GlobalSection(ProjectConfigurationPlatforms) = postSolution
		{AC66E711-1F8B-4817-A14B-6724AC853825}.Debug|Any CPU.ActiveCfg = Debug|Any CPU
		{AC66E711-1F8B-4817-A14B-6724AC853825}.Debug|Any CPU.Build.0 = Debug|Any CPU
		{AC66E711-1F8B-4817-A14B-6724AC853825}.Release|Any CPU.ActiveCfg = Release|Any CPU
		{AC66E711-1F8B-4817-A14B-6724AC853825}.Release|Any CPU.Build.0 = Release|Any CPU
	EndGlobalSection
	GlobalSection(SolutionProperties) = preSolution
		HideSolutionNode = FALSE
	EndGlobalSection
	GlobalSection(ExtensibilityGlobals) = postSolution
		SolutionGuid = {1458A73D-CDBE-4853-BFBE-5A9AA035B69E}
	EndGlobalSection
EndGlobal
